{
    "_readme": [
        "This file locks the dependencies of your project to a known state",
        "Read more about it at https://getcomposer.org/doc/01-basic-usage.md#installing-dependencies",
        "This file is @generated automatically"
    ],
    "content-hash": "591b5fd43a450658319347ad20a6130e",
    "packages": [
        {
            "name": "firebase/php-jwt",
            "version": "v6.8.1",
            "source": {
                "type": "git",
                "url": "https://github.com/firebase/php-jwt.git",
                "reference": "5dbc8959427416b8ee09a100d7a8588c00fb2e26"
            },
            "dist": {
                "type": "zip",
                "url": "https://api.github.com/repos/firebase/php-jwt/zipball/5dbc8959427416b8ee09a100d7a8588c00fb2e26",
                "reference": "5dbc8959427416b8ee09a100d7a8588c00fb2e26",
                "shasum": ""
            },
            "require": {
                "php": "^7.4||^8.0"
            },
            "require-dev": {
                "guzzlehttp/guzzle": "^6.5||^7.4",
                "phpspec/prophecy-phpunit": "^2.0",
                "phpunit/phpunit": "^9.5",
                "psr/cache": "^1.0||^2.0",
                "psr/http-client": "^1.0",
                "psr/http-factory": "^1.0"
            },
            "suggest": {
                "ext-sodium": "Support EdDSA (Ed25519) signatures",
                "paragonie/sodium_compat": "Support EdDSA (Ed25519) signatures when libsodium is not present"
            },
            "type": "library",
            "autoload": {
                "psr-4": {
                    "Firebase\\JWT\\": "src"
                }
            },
            "notification-url": "https://packagist.org/downloads/",
            "license": [
                "BSD-3-Clause"
            ],
            "authors": [
                {
                    "name": "Neuman Vong",
                    "email": "neuman+pear@twilio.com",
                    "role": "Developer"
                },
                {
                    "name": "Anant Narayanan",
                    "email": "anant@php.net",
                    "role": "Developer"
                }
            ],
            "description": "A simple library to encode and decode JSON Web Tokens (JWT) in PHP. Should conform to the current spec.",
            "homepage": "https://github.com/firebase/php-jwt",
            "keywords": [
                "jwt",
                "php"
            ],
            "support": {
                "issues": "https://github.com/firebase/php-jwt/issues",
                "source": "https://github.com/firebase/php-jwt/tree/v6.8.1"
            },
            "time": "2023-07-14T18:33:00+00:00"
        },
        {
            "name": "nimbly/capsule",
            "version": "1.1.2",
            "source": {
                "type": "git",
                "url": "https://github.com/nimbly/Capsule.git",
                "reference": "1ffd0f530621b0fa7a85c0e27ba101cf061dfe0f"
            },
            "dist": {
                "type": "zip",
                "url": "https://api.github.com/repos/nimbly/Capsule/zipball/1ffd0f530621b0fa7a85c0e27ba101cf061dfe0f",
                "reference": "1ffd0f530621b0fa7a85c0e27ba101cf061dfe0f",
                "shasum": ""
            },
            "require": {
                "php": ">=7.3|^8.0",
                "psr/http-factory": "^1.0",
                "psr/http-message": "^1.0"
            },
            "require-dev": {
                "php-coveralls/php-coveralls": "^2.4",
                "phpunit/phpunit": "^9.0",
                "symfony/var-dumper": "^4.3",
                "vimeo/psalm": "^4.0"
            },
            "type": "library",
            "autoload": {
                "psr-4": {
                    "Capsule\\": "src/"
                }
            },
            "notification-url": "https://packagist.org/downloads/",
            "license": [
                "MIT"
            ],
            "authors": [
                {
                    "name": "Brent Scheffler",
                    "email": "brent@brentscheffler.com"
                }
            ],
            "description": "Capsule is a simple PSR-7 HTTP message and PSR-17 HTTP factory implementation.",
            "support": {
                "issues": "https://github.com/nimbly/Capsule/issues",
                "source": "https://github.com/nimbly/Capsule/tree/1.1.2"
            },
            "time": "2021-06-17T20:22:27+00:00"
        },
        {
            "name": "nimbly/shuttle",
            "version": "0.4",
            "source": {
                "type": "git",
                "url": "https://github.com/nimbly/Shuttle.git",
                "reference": "b3f36e398608922e0590c2954f14b5fa5fec01ba"
            },
            "dist": {
                "type": "zip",
                "url": "https://api.github.com/repos/nimbly/Shuttle/zipball/b3f36e398608922e0590c2954f14b5fa5fec01ba",
                "reference": "b3f36e398608922e0590c2954f14b5fa5fec01ba",
                "shasum": ""
            },
            "require": {
                "ext-json": "*",
                "nimbly/capsule": "^1.0",
                "php": ">=7.2",
                "psr/http-client": "^1.0"
            },
            "require-dev": {
                "php-coveralls/php-coveralls": "^2.1",
                "phpunit/phpunit": "^8.0",
                "symfony/var-dumper": "^4.2",
                "vimeo/psalm": "^3.0"
            },
            "suggest": {
                "ext-curl": "Use cURL library to make HTTP calls."
            },
            "type": "library",
            "autoload": {
                "files": [
                    "src/functions.php"
                ],
                "psr-4": {
                    "Shuttle\\": "src/"
                }
            },
            "notification-url": "https://packagist.org/downloads/",
            "license": [
                "MIT"
            ],
            "authors": [
                {
                    "name": "Brent Scheffler",
                    "email": "brent@nimbly.io"
                }
            ],
            "description": "Simple PSR-18 HTTP client.",
            "keywords": [
                "client",
                "curl",
                "http",
                "http client",
                "psr-18",
                "stream context"
            ],
            "support": {
                "issues": "https://github.com/nimbly/Shuttle/issues",
                "source": "https://github.com/nimbly/Shuttle/tree/master"
            },
            "time": "2020-03-15T23:50:44+00:00"
        },
        {
            "name": "psr/http-client",
            "version": "1.0.2",
            "source": {
                "type": "git",
                "url": "https://github.com/php-fig/http-client.git",
                "reference": "0955afe48220520692d2d09f7ab7e0f93ffd6a31"
            },
            "dist": {
                "type": "zip",
                "url": "https://api.github.com/repos/php-fig/http-client/zipball/0955afe48220520692d2d09f7ab7e0f93ffd6a31",
                "reference": "0955afe48220520692d2d09f7ab7e0f93ffd6a31",
                "shasum": ""
            },
            "require": {
                "php": "^7.0 || ^8.0",
                "psr/http-message": "^1.0 || ^2.0"
            },
            "type": "library",
            "extra": {
                "branch-alias": {
                    "dev-master": "1.0.x-dev"
                }
            },
            "autoload": {
                "psr-4": {
                    "Psr\\Http\\Client\\": "src/"
                }
            },
            "notification-url": "https://packagist.org/downloads/",
            "license": [
                "MIT"
            ],
            "authors": [
                {
                    "name": "PHP-FIG",
                    "homepage": "https://www.php-fig.org/"
                }
            ],
            "description": "Common interface for HTTP clients",
            "homepage": "https://github.com/php-fig/http-client",
            "keywords": [
                "http",
                "http-client",
                "psr",
                "psr-18"
            ],
            "support": {
                "source": "https://github.com/php-fig/http-client/tree/1.0.2"
            },
            "time": "2023-04-10T20:12:12+00:00"
        },
        {
            "name": "psr/http-factory",
            "version": "1.0.2",
            "source": {
                "type": "git",
                "url": "https://github.com/php-fig/http-factory.git",
                "reference": "e616d01114759c4c489f93b099585439f795fe35"
            },
            "dist": {
                "type": "zip",
                "url": "https://api.github.com/repos/php-fig/http-factory/zipball/e616d01114759c4c489f93b099585439f795fe35",
                "reference": "e616d01114759c4c489f93b099585439f795fe35",
                "shasum": ""
            },
            "require": {
                "php": ">=7.0.0",
                "psr/http-message": "^1.0 || ^2.0"
            },
            "type": "library",
            "extra": {
                "branch-alias": {
                    "dev-master": "1.0.x-dev"
                }
            },
            "autoload": {
                "psr-4": {
                    "Psr\\Http\\Message\\": "src/"
                }
            },
            "notification-url": "https://packagist.org/downloads/",
            "license": [
                "MIT"
            ],
            "authors": [
                {
                    "name": "PHP-FIG",
                    "homepage": "https://www.php-fig.org/"
                }
            ],
            "description": "Common interfaces for PSR-7 HTTP message factories",
            "keywords": [
                "factory",
                "http",
                "message",
                "psr",
                "psr-17",
                "psr-7",
                "request",
                "response"
            ],
            "support": {
                "source": "https://github.com/php-fig/http-factory/tree/1.0.2"
            },
            "time": "2023-04-10T20:10:41+00:00"
        },
        {
            "name": "psr/http-message",
            "version": "1.1",
            "source": {
                "type": "git",
                "url": "https://github.com/php-fig/http-message.git",
                "reference": "cb6ce4845ce34a8ad9e68117c10ee90a29919eba"
            },
            "dist": {
                "type": "zip",
                "url": "https://api.github.com/repos/php-fig/http-message/zipball/cb6ce4845ce34a8ad9e68117c10ee90a29919eba",
                "reference": "cb6ce4845ce34a8ad9e68117c10ee90a29919eba",
                "shasum": ""
            },
            "require": {
                "php": "^7.2 || ^8.0"
            },
            "type": "library",
            "extra": {
                "branch-alias": {
                    "dev-master": "1.1.x-dev"
                }
            },
            "autoload": {
                "psr-4": {
                    "Psr\\Http\\Message\\": "src/"
                }
            },
            "notification-url": "https://packagist.org/downloads/",
            "license": [
                "MIT"
            ],
            "authors": [
                {
                    "name": "PHP-FIG",
                    "homepage": "http://www.php-fig.org/"
                }
            ],
            "description": "Common interface for HTTP messages",
            "homepage": "https://github.com/php-fig/http-message",
            "keywords": [
                "http",
                "http-message",
                "psr",
                "psr-7",
                "request",
                "response"
            ],
            "support": {
                "source": "https://github.com/php-fig/http-message/tree/1.1"
            },
            "time": "2023-04-04T09:50:52+00:00"
        },
        {
            "name": "quickbooks/v3-php-sdk",
            "version": "6.1.0",
            "source": {
                "type": "git",
                "url": "https://github.com/intuit/QuickBooks-V3-PHP-SDK.git",
                "reference": "2ab302ef2f748aa7c4e4ebb2f48dd05e60057be2"
            },
            "dist": {
                "type": "zip",
                "url": "https://api.github.com/repos/intuit/QuickBooks-V3-PHP-SDK/zipball/2ab302ef2f748aa7c4e4ebb2f48dd05e60057be2",
                "reference": "2ab302ef2f748aa7c4e4ebb2f48dd05e60057be2",
                "shasum": ""
            },
            "require": {
                "ext-dom": "*",
                "ext-mbstring": "*",
                "php": ">=5.6.0"
            },
            "require-dev": {
                "php-mock/php-mock": "^2.3",
                "php-mock/php-mock-phpunit": "^2.6",
                "phpunit/phpunit": "^5.0 || ^6.0 || ^7.0 || ^8"
            },
            "suggest": {
                "ext-curl": "Uses Curl to make HTTP Requests",
                "guzzlehttp/guzzle": "Uses Guzzle to make HTTP Requests"
            },
            "type": "library",
            "autoload": {
                "psr-4": {
                    "QuickBooksOnline\\API\\": "src/"
                }
            },
            "notification-url": "https://packagist.org/downloads/",
            "license": [
                "Apache-2.0"
            ],
            "authors": [
                {
                    "name": "abisalehalliprasan",
                    "email": "anil_kumar3@intuit.com"
                }
            ],
            "description": "The Official PHP SDK for QuickBooks Online Accounting API",
            "homepage": "http://developer.intuit.com",
            "keywords": [
                "api",
                "http",
                "quickbooks",
                "rest",
                "smallbusiness"
            ],
            "support": {
                "issues": "https://github.com/intuit/QuickBooks-V3-PHP-SDK/issues",
                "source": "https://github.com/intuit/QuickBooks-V3-PHP-SDK/tree/6.1.0"
            },
            "time": "2022-11-17T06:03:50+00:00"
        },
        {
            "name": "tomorrow-ideas/plaid-sdk-php",
            "version": "1.0.9",
            "source": {
                "type": "git",
                "url": "https://github.com/TomorrowIdeas/plaid-sdk-php.git",
                "reference": "6aa0476fe827237528eb862493dcfad7b005fc28"
            },
            "dist": {
                "type": "zip",
                "url": "https://api.github.com/repos/TomorrowIdeas/plaid-sdk-php/zipball/6aa0476fe827237528eb862493dcfad7b005fc28",
                "reference": "6aa0476fe827237528eb862493dcfad7b005fc28",
                "shasum": ""
            },
            "require": {
                "ext-curl": "*",
                "ext-json": "*",
                "nimbly/shuttle": "^0.4",
                "php": ">=7.3|>=8.0"
            },
            "require-dev": {
                "php-coveralls/php-coveralls": "^2.1",
                "phpunit/phpunit": "^9.0",
                "symfony/var-dumper": "^4.2",
                "vimeo/psalm": "^4.0"
            },
            "type": "library",
            "autoload": {
                "psr-4": {
                    "TomorrowIdeas\\Plaid\\": "src"
                }
            },
            "notification-url": "https://packagist.org/downloads/",
            "license": [
                "MIT"
            ],
            "authors": [
                {
                    "name": "Brent Scheffler",
                    "email": "brent@brentscheffler.com"
                }
            ],
            "description": "PHP implementation of Plaid's API as an SDK.",
            "keywords": [
                "php",
                "plaid",
                "sdk"
            ],
            "support": {
                "issues": "https://github.com/TomorrowIdeas/plaid-sdk-php/issues",
                "source": "https://github.com/TomorrowIdeas/plaid-sdk-php/tree/1.0.9"
            },
            "time": "2022-07-07T18:57:27+00:00"
        },
        {
            "name": "twilio/sdk",
            "version": "7.0.0-rc.1",
            "source": {
                "type": "git",
                "url": "git@github.com:twilio/twilio-php.git",
                "reference": "dba6c046b1d100a82102060586875d625c538d12"
            },
            "dist": {
                "type": "zip",
                "url": "https://api.github.com/repos/twilio/twilio-php/zipball/dba6c046b1d100a82102060586875d625c538d12",
                "reference": "dba6c046b1d100a82102060586875d625c538d12",
                "shasum": ""
            },
            "require": {
                "php": ">=7.1.0"
            },
            "require-dev": {
                "guzzlehttp/guzzle": "^6.3 || ^7.0",
                "phpunit/phpunit": ">=7.0"
            },
            "suggest": {
                "guzzlehttp/guzzle": "An HTTP client to execute the API requests"
            },
            "type": "library",
            "autoload": {
                "psr-4": {
                    "Twilio\\": "src/Twilio/"
                }
            },
            "notification-url": "https://packagist.org/downloads/",
            "license": [
                "MIT"
            ],
            "authors": [
                {
                    "name": "Twilio API Team",
                    "email": "api@twilio.com"
                }
            ],
            "description": "A PHP wrapper for Twilio's API",
            "homepage": "https://github.com/twilio/twilio-php",
            "keywords": [
                "api",
                "sms",
                "twilio"
            ],
            "time": "2023-01-11T14:32:43+00:00"
        }
    ],
    "packages-dev": [],
    "aliases": [],
    "minimum-stability": "stable",
    "stability-flags": {
        "twilio/sdk": 5
    },
    "prefer-stable": false,
    "prefer-lowest": false,
    "platform": [],
    "platform-dev": [],
    "plugin-api-version": "2.3.0"
}
